
Microsoft Visual Studio Solution File, Format Version 12.00
Project("{FAE04EC0-301F-11D3-BF4B-00C04F79EFBC}") = "AdminInteriorDesignStudioApi", "AdminInteriorDesignStudioApi.csproj", "{3125E664-1B1E-4E0A-A7C4-625FF555C934}"
EndProject
Project("{FAE04EC0-301F-11D3-BF4B-00C04F79EFBC}") = "UserInteriorDesignStudioApi", "..\..\InteriorDesignStudio\UserInteriorDesignStudioApi\UserInteriorDesignStudioApi.csproj", "{F9AB49B5-C784-4A3D-90D4-19F1767FC319}"
EndProject
Global
	GlobalSection(SolutionConfigurationPlatforms) = preSolution
		Debug|Any CPU = Debug|Any CPU
		Release|Any CPU = Release|Any CPU
	EndGlobalSection
	GlobalSection(ProjectConfigurationPlatforms) = postSolution
		{3125E664-1B1E-4E0A-A7C4-625FF555C934}.Debug|Any CPU.ActiveCfg = Debug|Any CPU
		{3125E664-1B1E-4E0A-A7C4-625FF555C934}.Debug|Any CPU.Build.0 = Debug|Any CPU
		{3125E664-1B1E-4E0A-A7C4-625FF555C934}.Release|Any CPU.ActiveCfg = Release|Any CPU
		{3125E664-1B1E-4E0A-A7C4-625FF555C934}.Release|Any CPU.Build.0 = Release|Any CPU
		{F9AB49B5-C784-4A3D-90D4-19F1767FC319}.Debug|Any CPU.ActiveCfg = Debug|Any CPU
		{F9AB49B5-C784-4A3D-90D4-19F1767FC319}.Debug|Any CPU.Build.0 = Debug|Any CPU
		{F9AB49B5-C784-4A3D-90D4-19F1767FC319}.Release|Any CPU.ActiveCfg = Release|Any CPU
		{F9AB49B5-C784-4A3D-90D4-19F1767FC319}.Release|Any CPU.Build.0 = Release|Any CPU
	EndGlobalSection
EndGlobal
